// !$*UTF8*$!
{
	archiveVersion = 1;
	classes = {
	};
	objectVersion = 50;
	objects = {

/* Begin PBXBuildFile section */
		9E8D2CED505B73AD236378D8 /* Pods_Hero_Game_Bot.framework in Frameworks */ = {isa = PBXBuildFile; fileRef = 8F558BED7D70EE4937BA44B6 /* Pods_Hero_Game_Bot.framework */; };
		D3094A5A222ADA230046E444 /* ViewProtocol.swift in Sources */ = {isa = PBXBuildFile; fileRef = D3094A58222ADA230046E444 /* ViewProtocol.swift */; };
		D3094A5C222ADA590046E444 /* Presenter.swift in Sources */ = {isa = PBXBuildFile; fileRef = D3094A5B222ADA590046E444 /* Presenter.swift */; };
		D3094A5E222ADDCF0046E444 /* GameURLs.swift in Sources */ = {isa = PBXBuildFile; fileRef = D3094A5D222ADDCF0046E444 /* GameURLs.swift */; };
		D3975250222AD36E00F37B53 /* AppDelegate.swift in Sources */ = {isa = PBXBuildFile; fileRef = D397524F222AD36E00F37B53 /* AppDelegate.swift */; };
		D3975252222AD36E00F37B53 /* ViewController.swift in Sources */ = {isa = PBXBuildFile; fileRef = D3975251222AD36E00F37B53 /* ViewController.swift */; };
		D3975257222AD36F00F37B53 /* Assets.xcassets in Resources */ = {isa = PBXBuildFile; fileRef = D3975256222AD36F00F37B53 /* Assets.xcassets */; };
		D397525A222AD36F00F37B53 /* LaunchScreen.storyboard in Resources */ = {isa = PBXBuildFile; fileRef = D3975258222AD36F00F37B53 /* LaunchScreen.storyboard */; };
/* End PBXBuildFile section */

/* Begin PBXFileReference section */
		21CBC9C0A12B44024C8BEF22 /* Pods-Hero Game Bot.debug.xcconfig */ = {isa = PBXFileReference; includeInIndex = 1; lastKnownFileType = text.xcconfig; name = "Pods-Hero Game Bot.debug.xcconfig"; path = "Target Support Files/Pods-Hero Game Bot/Pods-Hero Game Bot.debug.xcconfig"; sourceTree = "<group>"; };
		8F558BED7D70EE4937BA44B6 /* Pods_Hero_Game_Bot.framework */ = {isa = PBXFileReference; explicitFileType = wrapper.framework; includeInIndex = 0; path = Pods_Hero_Game_Bot.framework; sourceTree = BUILT_PRODUCTS_DIR; };
		D0B97C385398BCE2D4064DF1 /* Pods-Hero Game Bot.release.xcconfig */ = {isa = PBXFileReference; includeInIndex = 1; lastKnownFileType = text.xcconfig; name = "Pods-Hero Game Bot.release.xcconfig"; path = "Target Support Files/Pods-Hero Game Bot/Pods-Hero Game Bot.release.xcconfig"; sourceTree = "<group>"; };
		D3094A59222ADA230046E444 /* Base */ = {isa = PBXFileReference; lastKnownFileType = sourcecode.swift; name = Base; path = Base.lproj/ViewProtocol.swift; sourceTree = "<group>"; };
		D3094A5B222ADA590046E444 /* Presenter.swift */ = {isa = PBXFileReference; lastKnownFileType = sourcecode.swift; path = Presenter.swift; sourceTree = "<group>"; };
		D3094A5D222ADDCF0046E444 /* GameURLs.swift */ = {isa = PBXFileReference; lastKnownFileType = sourcecode.swift; path = GameURLs.swift; sourceTree = "<group>"; };
		D397524C222AD36E00F37B53 /* Hero Game Bot.app */ = {isa = PBXFileReference; explicitFileType = wrapper.application; includeInIndex = 0; path = "Hero Game Bot.app"; sourceTree = BUILT_PRODUCTS_DIR; };
		D397524F222AD36E00F37B53 /* AppDelegate.swift */ = {isa = PBXFileReference; lastKnownFileType = sourcecode.swift; path = AppDelegate.swift; sourceTree = "<group>"; };
		D3975251222AD36E00F37B53 /* ViewController.swift */ = {isa = PBXFileReference; lastKnownFileType = sourcecode.swift; path = ViewController.swift; sourceTree = "<group>"; };
		D3975256222AD36F00F37B53 /* Assets.xcassets */ = {isa = PBXFileReference; lastKnownFileType = folder.assetcatalog; path = Assets.xcassets; sourceTree = "<group>"; };
		D3975259222AD36F00F37B53 /* Base */ = {isa = PBXFileReference; lastKnownFileType = file.storyboard; name = Base; path = Base.lproj/LaunchScreen.storyboard; sourceTree = "<group>"; };
		D397525B222AD36F00F37B53 /* Info.plist */ = {isa = PBXFileReference; lastKnownFileType = text.plist.xml; path = Info.plist; sourceTree = "<group>"; };
/* End PBXFileReference section */

/* Begin PBXFrameworksBuildPhase section */
		D3975249222AD36E00F37B53 /* Frameworks */ = {
			isa = PBXFrameworksBuildPhase;
			buildActionMask = 2147483647;
			files = (
				9E8D2CED505B73AD236378D8 /* Pods_Hero_Game_Bot.framework in Frameworks */,
			);
			runOnlyForDeploymentPostprocessing = 0;
		};
/* End PBXFrameworksBuildPhase section */

/* Begin PBXGroup section */
		D3094A5F222ADE9A0046E444 /* Screen */ = {
			isa = PBXGroup;
			children = (
				D3094A58222ADA230046E444 /* ViewProtocol.swift */,
				D3975251222AD36E00F37B53 /* ViewController.swift */,
				D3094A5B222ADA590046E444 /* Presenter.swift */,
			);
			path = Screen;
			sourceTree = "<group>";
		};
		D3094A60222ADEA60046E444 /* Model */ = {
			isa = PBXGroup;
			children = (
				D3094A5D222ADDCF0046E444 /* GameURLs.swift */,
			);
			path = Model;
			sourceTree = "<group>";
		};
		D3975243222AD36E00F37B53 = {
			isa = PBXGroup;
			children = (
				D397524E222AD36E00F37B53 /* Hero Game Bot */,
				D397524D222AD36E00F37B53 /* Products */,
				D42798D26E61964C70AAED24 /* Pods */,
				DD200C6A04DBB922940DA876 /* Frameworks */,
			);
			sourceTree = "<group>";
		};
		D397524D222AD36E00F37B53 /* Products */ = {
			isa = PBXGroup;
			children = (
				D397524C222AD36E00F37B53 /* Hero Game Bot.app */,
			);
			name = Products;
			sourceTree = "<group>";
		};
		D397524E222AD36E00F37B53 /* Hero Game Bot */ = {
			isa = PBXGroup;
			children = (
				D3094A60222ADEA60046E444 /* Model */,
				D3094A5F222ADE9A0046E444 /* Screen */,
				D397524F222AD36E00F37B53 /* AppDelegate.swift */,
				D3975256222AD36F00F37B53 /* Assets.xcassets */,
				D3975258222AD36F00F37B53 /* LaunchScreen.storyboard */,
				D397525B222AD36F00F37B53 /* Info.plist */,
			);
			path = "Hero Game Bot";
			sourceTree = "<group>";
		};
		D42798D26E61964C70AAED24 /* Pods */ = {
			isa = PBXGroup;
			children = (
				21CBC9C0A12B44024C8BEF22 /* Pods-Hero Game Bot.debug.xcconfig */,
				D0B97C385398BCE2D4064DF1 /* Pods-Hero Game Bot.release.xcconfig */,
			);
			path = Pods;
			sourceTree = "<group>";
		};
		DD200C6A04DBB922940DA876 /* Frameworks */ = {
			isa = PBXGroup;
			children = (
				8F558BED7D70EE4937BA44B6 /* Pods_Hero_Game_Bot.framework */,
			);
			name = Frameworks;
			sourceTree = "<group>";
		};
/* End PBXGroup section */

/* Begin PBXNativeTarget section */
		D397524B222AD36E00F37B53 /* Hero Game Bot */ = {
			isa = PBXNativeTarget;
			buildConfigurationList = D397525E222AD36F00F37B53 /* Build configuration list for PBXNativeTarget "Hero Game Bot" */;
			buildPhases = (
				DB5664237D9F5DC0C0493A9E /* [CP] Check Pods Manifest.lock */,
				D3975248222AD36E00F37B53 /* Sources */,
				D3975249222AD36E00F37B53 /* Frameworks */,
				D397524A222AD36E00F37B53 /* Resources */,
				ED6FBB49289FEF690F575D19 /* [CP] Embed Pods Frameworks */,
			);
			buildRules = (
			);
			dependencies = (
			);
			name = "Hero Game Bot";
			productName = "Hero Game Bot";
			productReference = D397524C222AD36E00F37B53 /* Hero Game Bot.app */;
			productType = "com.apple.product-type.application";
		};
/* End PBXNativeTarget section */

/* Begin PBXProject section */
		D3975244222AD36E00F37B53 /* Project object */ = {
			isa = PBXProject;
			attributes = {
				LastSwiftUpdateCheck = 1010;
				LastUpgradeCheck = 1010;
				ORGANIZATIONNAME = "Ilya Sysoi";
				TargetAttributes = {
					D397524B222AD36E00F37B53 = {
						CreatedOnToolsVersion = 10.1;
					};
				};
			};
			buildConfigurationList = D3975247222AD36E00F37B53 /* Build configuration list for PBXProject "Hero Game Bot" */;
			compatibilityVersion = "Xcode 9.3";
			developmentRegion = en;
			hasScannedForEncodings = 0;
			knownRegions = (
				en,
				Base,
			);
			mainGroup = D3975243222AD36E00F37B53;
			productRefGroup = D397524D222AD36E00F37B53 /* Products */;
			projectDirPath = "";
			projectRoot = "";
			targets = (
				D397524B222AD36E00F37B53 /* Hero Game Bot */,
			);
		};
/* End PBXProject section */

/* Begin PBXResourcesBuildPhase section */
		D397524A222AD36E00F37B53 /* Resources */ = {
			isa = PBXResourcesBuildPhase;
			buildActionMask = 2147483647;
			files = (
				D397525A222AD36F00F37B53 /* LaunchScreen.storyboard in Resources */,
				D3975257222AD36F00F37B53 /* Assets.xcassets in Resources */,
			);
			runOnlyForDeploymentPostprocessing = 0;
		};
/* End PBXResourcesBuildPhase section */

/* Begin PBXShellScriptBuildPhase section */
		DB5664237D9F5DC0C0493A9E /* [CP] Check Pods Manifest.lock */ = {
			isa = PBXShellScriptBuildPhase;
			buildActionMask = 2147483647;
			files = (
			);
			inputFileListPaths = (
			);
			inputPaths = (
				"${PODS_PODFILE_DIR_PATH}/Podfile.lock",
				"${PODS_ROOT}/Manifest.lock",
			);
			name = "[CP] Check Pods Manifest.lock";
			outputFileListPaths = (
			);
			outputPaths = (
				"$(DERIVED_FILE_DIR)/Pods-Hero Game Bot-checkManifestLockResult.txt",
			);
			runOnlyForDeploymentPostprocessing = 0;
			shellPath = /bin/sh;
			shellScript = "diff \"${PODS_PODFILE_DIR_PATH}/Podfile.lock\" \"${PODS_ROOT}/Manifest.lock\" > /dev/null\nif [ $? != 0 ] ; then\n    # print error to STDERR\n    echo \"error: The sandbox is not in sync with the Podfile.lock. Run 'pod install' or update your CocoaPods installation.\" >&2\n    exit 1\nfi\n# This output is used by Xcode 'outputs' to avoid re-running this script phase.\necho \"SUCCESS\" > \"${SCRIPT_OUTPUT_FILE_0}\"\n";
			showEnvVarsInLog = 0;
		};
		ED6FBB49289FEF690F575D19 /* [CP] Embed Pods Frameworks */ = {
			isa = PBXShellScriptBuildPhase;
			buildActionMask = 2147483647;
			files = (
			);
			inputFileListPaths = (
			);
			inputPaths = (
				"${PODS_ROOT}/Target Support Files/Pods-Hero Game Bot/Pods-Hero Game Bot-frameworks.sh",
				"${BUILT_PRODUCTS_DIR}/SnapKit/SnapKit.framework",
			);
			name = "[CP] Embed Pods Frameworks";
			outputFileListPaths = (
			);
			outputPaths = (
				"${TARGET_BUILD_DIR}/${FRAMEWORKS_FOLDER_PATH}/SnapKit.framework",
			);
			runOnlyForDeploymentPostprocessing = 0;
			shellPath = /bin/sh;
			shellScript = "\"${PODS_ROOT}/Target Support Files/Pods-Hero Game Bot/Pods-Hero Game Bot-frameworks.sh\"\n";
			showEnvVarsInLog = 0;
		};
/* End PBXShellScriptBuildPhase section */

/* Begin PBXSourcesBuildPhase section */
		D3975248222AD36E00F37B53 /* Sources */ = {
			isa = PBXSourcesBuildPhase;
			buildActionMask = 2147483647;
			files = (
				D3975252222AD36E00F37B53 /* ViewController.swift in Sources */,
				D3094A5A222ADA230046E444 /* ViewProtocol.swift in Sources */,
				D3094A5C222ADA590046E444 /* Presenter.swift in Sources */,
				D3094A5E222ADDCF0046E444 /* GameURLs.swift in Sources */,
				D3975250222AD36E00F37B53 /* AppDelegate.swift in Sources */,
			);
			runOnlyForDeploymentPostprocessing = 0;
		};
/* End PBXSourcesBuildPhase section */

/* Begin PBXVariantGroup section */
		D3094A58222ADA230046E444 /* ViewProtocol.swift */ = {
			isa = PBXVariantGroup;
			children = (
				D3094A59222ADA230046E444 /* Base */,
			);
			name = ViewProtocol.swift;
			sourceTree = "<group>";
		};
		D3975258222AD36F00F37B53 /* LaunchScreen.storyboard */ = {
			isa = PBXVariantGroup;
			children = (
				D3975259222AD36F00F37B53 /* Base */,
			);
			name = LaunchScreen.storyboard;
			sourceTree = "<group>";
		};
/* End PBXVariantGroup section */

/* Begin XCBuildConfiguration section */
		D397525C222AD36F00F37B53 /* Debug */ = {
			isa = XCBuildConfiguration;
			buildSettings = {
				ALWAYS_SEARCH_USER_PATHS = NO;
				CLANG_ANALYZER_NONNULL = YES;
				CLANG_ANALYZER_NUMBER_OBJECT_CONVERSION = YES_AGGRESSIVE;
				CLANG_CXX_LANGUAGE_STANDARD = "gnu++14";
				CLANG_CXX_LIBRARY = "libc++";
				CLANG_ENABLE_MODULES = YES;
				CLANG_ENABLE_OBJC_ARC = YES;
				CLANG_ENABLE_OBJC_WEAK = YES;
				CLANG_WARN_BLOCK_CAPTURE_AUTORELEASING = YES;
				CLANG_WARN_BOOL_CONVERSION = YES;
				CLANG_WARN_COMMA = YES;
				CLANG_WARN_CONSTANT_CONVERSION = YES;
				CLANG_WARN_DEPRECATED_OBJC_IMPLEMENTATIONS = YES;
				CLANG_WARN_DIRECT_OBJC_ISA_USAGE = YES_ERROR;
				CLANG_WARN_DOCUMENTATION_COMMENTS = YES;
				CLANG_WARN_EMPTY_BODY = YES;
				CLANG_WARN_ENUM_CONVERSION = YES;
				CLANG_WARN_INFINITE_RECURSION = YES;
				CLANG_WARN_INT_CONVERSION = YES;
				CLANG_WARN_NON_LITERAL_NULL_CONVERSION = YES;
				CLANG_WARN_OBJC_IMPLICIT_RETAIN_SELF = YES;
				CLANG_WARN_OBJC_LITERAL_CONVERSION = YES;
				CLANG_WARN_OBJC_ROOT_CLASS = YES_ERROR;
				CLANG_WARN_RANGE_LOOP_ANALYSIS = YES;
				CLANG_WARN_STRICT_PROTOTYPES = YES;
				CLANG_WARN_SUSPICIOUS_MOVE = YES;
				CLANG_WARN_UNGUARDED_AVAILABILITY = YES_AGGRESSIVE;
				CLANG_WARN_UNREACHABLE_CODE = YES;
				CLANG_WARN__DUPLICATE_METHOD_MATCH = YES;
				CODE_SIGN_IDENTITY = "iPhone Developer";
				COPY_PHASE_STRIP = NO;
				DEBUG_INFORMATION_FORMAT = dwarf;
				ENABLE_STRICT_OBJC_MSGSEND = YES;
				ENABLE_TESTABILITY = YES;
				GCC_C_LANGUAGE_STANDARD = gnu11;
				GCC_DYNAMIC_NO_PIC = NO;
				GCC_NO_COMMON_BLOCKS = YES;
				GCC_OPTIMIZATION_LEVEL = 0;
				GCC_PREPROCESSOR_DEFINITIONS = (
					"DEBUG=1",
					"$(inherited)",
				);
				GCC_WARN_64_TO_32_BIT_CONVERSION = YES;
				GCC_WARN_ABOUT_RETURN_TYPE = YES_ERROR;
				GCC_WARN_UNDECLARED_SELECTOR = YES;
				GCC_WARN_UNINITIALIZED_AUTOS = YES_AGGRESSIVE;
				GCC_WARN_UNUSED_FUNCTION = YES;
				GCC_WARN_UNUSED_VARIABLE = YES;
				IPHONEOS_DEPLOYMENT_TARGET = 12.1;
				MTL_ENABLE_DEBUG_INFO = INCLUDE_SOURCE;
				MTL_FAST_MATH = YES;
				ONLY_ACTIVE_ARCH = YES;
				SDKROOT = iphoneos;
				SWIFT_ACTIVE_COMPILATION_CONDITIONS = DEBUG;
				SWIFT_OPTIMIZATION_LEVEL = "-Onone";
			};
			name = Debug;
		};
		D397525D222AD36F00F37B53 /* Release */ = {
			isa = XCBuildConfiguration;
			buildSettings = {
				ALWAYS_SEARCH_USER_PATHS = NO;
				CLANG_ANALYZER_NONNULL = YES;
				CLANG_ANALYZER_NUMBER_OBJECT_CONVERSION = YES_AGGRESSIVE;
				CLANG_CXX_LANGUAGE_STANDARD = "gnu++14";
				CLANG_CXX_LIBRARY = "libc++";
				CLANG_ENABLE_MODULES = YES;
				CLANG_ENABLE_OBJC_ARC = YES;
				CLANG_ENABLE_OBJC_WEAK = YES;
				CLANG_WARN_BLOCK_CAPTURE_AUTORELEASING = YES;
				CLANG_WARN_BOOL_CONVERSION = YES;
				CLANG_WARN_COMMA = YES;
				CLANG_WARN_CONSTANT_CONVERSION = YES;
				CLANG_WARN_DEPRECATED_OBJC_IMPLEMENTATIONS = YES;
				CLANG_WARN_DIRECT_OBJC_ISA_USAGE = YES_ERROR;
				CLANG_WARN_DOCUMENTATION_COMMENTS = YES;
				CLANG_WARN_EMPTY_BODY = YES;
				CLANG_WARN_ENUM_CONVERSION = YES;
				CLANG_WARN_INFINITE_RECURSION = YES;
				CLANG_WARN_INT_CONVERSION = YES;
				CLANG_WARN_NON_LITERAL_NULL_CONVERSION = YES;
				CLANG_WARN_OBJC_IMPLICIT_RETAIN_SELF = YES;
				CLANG_WARN_OBJC_LITERAL_CONVERSION = YES;
				CLANG_WARN_OBJC_ROOT_CLASS = YES_ERROR;
				CLANG_WARN_RANGE_LOOP_ANALYSIS = YES;
				CLANG_WARN_STRICT_PROTOTYPES = YES;
				CLANG_WARN_SUSPICIOUS_MOVE = YES;
				CLANG_WARN_UNGUARDED_AVAILABILITY = YES_AGGRESSIVE;
				CLANG_WARN_UNREACHABLE_CODE = YES;
				CLANG_WARN__DUPLICATE_METHOD_MATCH = YES;
				CODE_SIGN_IDENTITY = "iPhone Developer";
				COPY_PHASE_STRIP = NO;
				DEBUG_INFORMATION_FORMAT = "dwarf-with-dsym";
				ENABLE_NS_ASSERTIONS = NO;
				ENABLE_STRICT_OBJC_MSGSEND = YES;
				GCC_C_LANGUAGE_STANDARD = gnu11;
				GCC_NO_COMMON_BLOCKS = YES;
				GCC_WARN_64_TO_32_BIT_CONVERSION = YES;
				GCC_WARN_ABOUT_RETURN_TYPE = YES_ERROR;
				GCC_WARN_UNDECLARED_SELECTOR = YES;
				GCC_WARN_UNINITIALIZED_AUTOS = YES_AGGRESSIVE;
				GCC_WARN_UNUSED_FUNCTION = YES;
				GCC_WARN_UNUSED_VARIABLE = YES;
				IPHONEOS_DEPLOYMENT_TARGET = 12.1;
				MTL_ENABLE_DEBUG_INFO = NO;
				MTL_FAST_MATH = YES;
				SDKROOT = iphoneos;
				SWIFT_COMPILATION_MODE = wholemodule;
				SWIFT_OPTIMIZATION_LEVEL = "-O";
				VALIDATE_PRODUCT = YES;
			};
			name = Release;
		};
		D397525F222AD36F00F37B53 /* Debug */ = {
			isa = XCBuildConfiguration;
			baseConfigurationReference = 21CBC9C0A12B44024C8BEF22 /* Pods-Hero Game Bot.debug.xcconfig */;
			buildSettings = {
				ASSETCATALOG_COMPILER_APPICON_NAME = AppIcon;
				CODE_SIGN_STYLE = Automatic;
				DEVELOPMENT_TEAM = K3EBJ8K5KL;
				INFOPLIST_FILE = "Hero Game Bot/Info.plist";
				IPHONEOS_DEPLOYMENT_TARGET = 12.0;
				LD_RUNPATH_SEARCH_PATHS = (
					"$(inherited)",
					"@executable_path/Frameworks",
				);
				PRODUCT_BUNDLE_IDENTIFIER = "by.isysoi.Hero-Game-Bot";
				PRODUCT_NAME = "$(TARGET_NAME)";
				SWIFT_VERSION = 4.2;
				TARGETED_DEVICE_FAMILY = "1,2";
			};
			name = Debug;
		};
		D3975260222AD36F00F37B53 /* Release */ = {
			isa = XCBuildConfiguration;
			baseConfigurationReference = D0B97C385398BCE2D4064DF1 /* Pods-Hero Game Bot.release.xcconfig */;
			buildSettings = {
				ASSETCATALOG_COMPILER_APPICON_NAME = AppIcon;
				CODE_SIGN_STYLE = Automatic;
				DEVELOPMENT_TEAM = K3EBJ8K5KL;
				INFOPLIST_FILE = "Hero Game Bot/Info.plist";
				IPHONEOS_DEPLOYMENT_TARGET = 12.0;
				LD_RUNPATH_SEARCH_PATHS = (
					"$(inherited)",
					"@executable_path/Frameworks",
				);
				PRODUCT_BUNDLE_IDENTIFIER = "by.isysoi.Hero-Game-Bot";
				PRODUCT_NAME = "$(TARGET_NAME)";
				SWIFT_VERSION = 4.2;
				TARGETED_DEVICE_FAMILY = "1,2";
			};
			name = Release;
		};
/* End XCBuildConfiguration section */

/* Begin XCConfigurationList section */
		D3975247222AD36E00F37B53 /* Build configuration list for PBXProject "Hero Game Bot" */ = {
			isa = XCConfigurationList;
			buildConfigurations = (
				D397525C222AD36F00F37B53 /* Debug */,
				D397525D222AD36F00F37B53 /* Release */,
			);
			defaultConfigurationIsVisible = 0;
			defaultConfigurationName = Release;
		};
		D397525E222AD36F00F37B53 /* Build configuration list for PBXNativeTarget "Hero Game Bot" */ = {
			isa = XCConfigurationList;
			buildConfigurations = (
				D397525F222AD36F00F37B53 /* Debug */,
				D3975260222AD36F00F37B53 /* Release */,
			);
			defaultConfigurationIsVisible = 0;
			defaultConfigurationName = Release;
		};
/* End XCConfigurationList section */
	};
	rootObject = D3975244222AD36E00F37B53 /* Project object */;
}
